
Microsoft Visual Studio Solution File, Format Version 12.00
# Visual Studio Version 17
VisualStudioVersion = 17.8.34511.84
MinimumVisualStudioVersion = 10.0.40219.1
Project("{FAE04EC0-301F-11D3-BF4B-00C04F79EFBC}") = "CoherePoc", "CoherePoc\CoherePoc.csproj", "{9283D43C-E38B-4B98-AE84-9474AB619BF8}"
EndProject
Global
	GlobalSection(SolutionConfigurationPlatforms) = preSolution
		Debug|Any CPU = Debug|Any CPU
		Release|Any CPU = Release|Any CPU
	EndGlobalSection
	GlobalSection(ProjectConfigurationPlatforms) = postSolution
		{9283D43C-E38B-4B98-AE84-9474AB619BF8}.Debug|Any CPU.ActiveCfg = Debug|Any CPU
		{9283D43C-E38B-4B98-AE84-9474AB619BF8}.Debug|Any CPU.Build.0 = Debug|Any CPU
		{9283D43C-E38B-4B98-AE84-9474AB619BF8}.Release|Any CPU.ActiveCfg = Release|Any CPU
		{9283D43C-E38B-4B98-AE84-9474AB619BF8}.Release|Any CPU.Build.0 = Release|Any CPU
	EndGlobalSection
	GlobalSection(SolutionProperties) = preSolution
		HideSolutionNode = FALSE
	EndGlobalSection
	GlobalSection(ExtensibilityGlobals) = postSolution
		SolutionGuid = {DAD7EA87-FC00-438E-B61F-6BAB342C1133}
	EndGlobalSection
EndGlobal
